// !$*UTF8*$!
{
	archiveVersion = 1;
	classes = {
	};
	objectVersion = 50;
	objects = {

/* Begin PBXBuildFile section */
		79439681217798F5004C1799 /* AppDelegate.swift in Sources */ = {isa = PBXBuildFile; fileRef = 79439680217798F5004C1799 /* AppDelegate.swift */; };
		79439683217798F8004C1799 /* Assets.xcassets in Resources */ = {isa = PBXBuildFile; fileRef = 79439682217798F8004C1799 /* Assets.xcassets */; };
		79439686217798F8004C1799 /* MainMenu.xib in Resources */ = {isa = PBXBuildFile; fileRef = 79439684217798F8004C1799 /* MainMenu.xib */; };
		7943969621779AEE004C1799 /* DDHotKeyUtilities.m in Sources */ = {isa = PBXBuildFile; fileRef = 7943969021779AED004C1799 /* DDHotKeyUtilities.m */; };
		7943969721779AEE004C1799 /* DDHotKeyCenter.m in Sources */ = {isa = PBXBuildFile; fileRef = 7943969221779AED004C1799 /* DDHotKeyCenter.m */; };
		7943969821779AEE004C1799 /* DDHotKeyTextField.m in Sources */ = {isa = PBXBuildFile; fileRef = 7943969421779AEE004C1799 /* DDHotKeyTextField.m */; };
		7943969B21779C93004C1799 /* SanityClass.m in Sources */ = {isa = PBXBuildFile; fileRef = 7943969A21779C93004C1799 /* SanityClass.m */; };
		7943969E21779E41004C1799 /* Carbon.framework in Frameworks */ = {isa = PBXBuildFile; fileRef = 7943969D21779E41004C1799 /* Carbon.framework */; };
		794396A02177B8AE004C1799 /* bash in Resources */ = {isa = PBXBuildFile; fileRef = 7943969F2177B8AE004C1799 /* bash */; };
/* End PBXBuildFile section */

/* Begin PBXFileReference section */
		7943967D217798F5004C1799 /* AppLauncher.app */ = {isa = PBXFileReference; explicitFileType = wrapper.application; includeInIndex = 0; path = AppLauncher.app; sourceTree = BUILT_PRODUCTS_DIR; };
		79439680217798F5004C1799 /* AppDelegate.swift */ = {isa = PBXFileReference; lastKnownFileType = sourcecode.swift; path = AppDelegate.swift; sourceTree = "<group>"; };
		79439682217798F8004C1799 /* Assets.xcassets */ = {isa = PBXFileReference; lastKnownFileType = folder.assetcatalog; path = Assets.xcassets; sourceTree = "<group>"; };
		79439685217798F8004C1799 /* Base */ = {isa = PBXFileReference; lastKnownFileType = file.xib; name = Base; path = Base.lproj/MainMenu.xib; sourceTree = "<group>"; };
		79439687217798F8004C1799 /* Info.plist */ = {isa = PBXFileReference; lastKnownFileType = text.plist.xml; path = Info.plist; sourceTree = "<group>"; };
		79439688217798F8004C1799 /* AppLauncher.entitlements */ = {isa = PBXFileReference; lastKnownFileType = text.plist.entitlements; path = AppLauncher.entitlements; sourceTree = "<group>"; };
		7943968F21779AED004C1799 /* AppLauncher-Bridging-Header.h */ = {isa = PBXFileReference; lastKnownFileType = sourcecode.c.h; path = "AppLauncher-Bridging-Header.h"; sourceTree = "<group>"; };
		7943969021779AED004C1799 /* DDHotKeyUtilities.m */ = {isa = PBXFileReference; fileEncoding = 4; lastKnownFileType = sourcecode.c.objc; path = DDHotKeyUtilities.m; sourceTree = "<group>"; };
		7943969121779AED004C1799 /* DDHotKeyTextField.h */ = {isa = PBXFileReference; fileEncoding = 4; lastKnownFileType = sourcecode.c.h; path = DDHotKeyTextField.h; sourceTree = "<group>"; };
		7943969221779AED004C1799 /* DDHotKeyCenter.m */ = {isa = PBXFileReference; fileEncoding = 4; lastKnownFileType = sourcecode.c.objc; path = DDHotKeyCenter.m; sourceTree = "<group>"; };
		7943969321779AEE004C1799 /* DDHotKeyCenter.h */ = {isa = PBXFileReference; fileEncoding = 4; lastKnownFileType = sourcecode.c.h; path = DDHotKeyCenter.h; sourceTree = "<group>"; };
		7943969421779AEE004C1799 /* DDHotKeyTextField.m */ = {isa = PBXFileReference; fileEncoding = 4; lastKnownFileType = sourcecode.c.objc; path = DDHotKeyTextField.m; sourceTree = "<group>"; };
		7943969521779AEE004C1799 /* DDHotKeyUtilities.h */ = {isa = PBXFileReference; fileEncoding = 4; lastKnownFileType = sourcecode.c.h; path = DDHotKeyUtilities.h; sourceTree = "<group>"; };
		7943969921779C93004C1799 /* SanityClass.h */ = {isa = PBXFileReference; lastKnownFileType = sourcecode.c.h; name = SanityClass.h; path = AppLauncher/SanityClass.h; sourceTree = SOURCE_ROOT; };
		7943969A21779C93004C1799 /* SanityClass.m */ = {isa = PBXFileReference; lastKnownFileType = sourcecode.c.objc; name = SanityClass.m; path = AppLauncher/SanityClass.m; sourceTree = SOURCE_ROOT; };
		7943969D21779E41004C1799 /* Carbon.framework */ = {isa = PBXFileReference; lastKnownFileType = wrapper.framework; name = Carbon.framework; path = System/Library/Frameworks/Carbon.framework; sourceTree = SDKROOT; };
		7943969F2177B8AE004C1799 /* bash */ = {isa = PBXFileReference; lastKnownFileType = text; path = bash; sourceTree = "<group>"; };
/* End PBXFileReference section */

/* Begin PBXFrameworksBuildPhase section */
		7943967A217798F4004C1799 /* Frameworks */ = {
			isa = PBXFrameworksBuildPhase;
			buildActionMask = 2147483647;
			files = (
				7943969E21779E41004C1799 /* Carbon.framework in Frameworks */,
			);
			runOnlyForDeploymentPostprocessing = 0;
		};
/* End PBXFrameworksBuildPhase section */

/* Begin PBXGroup section */
		79439674217798F4004C1799 = {
			isa = PBXGroup;
			children = (
				7943967F217798F5004C1799 /* AppLauncher */,
				7943967E217798F5004C1799 /* Products */,
				7943969C21779E41004C1799 /* Frameworks */,
			);
			sourceTree = "<group>";
		};
		7943967E217798F5004C1799 /* Products */ = {
			isa = PBXGroup;
			children = (
				7943967D217798F5004C1799 /* AppLauncher.app */,
			);
			name = Products;
			sourceTree = "<group>";
		};
		7943967F217798F5004C1799 /* AppLauncher */ = {
			isa = PBXGroup;
			children = (
				7943968E21779ABB004C1799 /* vendor */,
				79439680217798F5004C1799 /* AppDelegate.swift */,
				79439682217798F8004C1799 /* Assets.xcassets */,
				79439684217798F8004C1799 /* MainMenu.xib */,
				79439687217798F8004C1799 /* Info.plist */,
				79439688217798F8004C1799 /* AppLauncher.entitlements */,
				7943969F2177B8AE004C1799 /* bash */,
			);
			path = AppLauncher;
			sourceTree = "<group>";
		};
		7943968E21779ABB004C1799 /* vendor */ = {
			isa = PBXGroup;
			children = (
				7943969321779AEE004C1799 /* DDHotKeyCenter.h */,
				7943969221779AED004C1799 /* DDHotKeyCenter.m */,
				7943969121779AED004C1799 /* DDHotKeyTextField.h */,
				7943969421779AEE004C1799 /* DDHotKeyTextField.m */,
				7943969521779AEE004C1799 /* DDHotKeyUtilities.h */,
				7943969021779AED004C1799 /* DDHotKeyUtilities.m */,
				7943968F21779AED004C1799 /* AppLauncher-Bridging-Header.h */,
				7943969921779C93004C1799 /* SanityClass.h */,
				7943969A21779C93004C1799 /* SanityClass.m */,
			);
			path = vendor;
			sourceTree = "<group>";
		};
		7943969C21779E41004C1799 /* Frameworks */ = {
			isa = PBXGroup;
			children = (
				7943969D21779E41004C1799 /* Carbon.framework */,
			);
			name = Frameworks;
			sourceTree = "<group>";
		};
/* End PBXGroup section */

/* Begin PBXNativeTarget section */
		7943967C217798F4004C1799 /* AppLauncher */ = {
			isa = PBXNativeTarget;
			buildConfigurationList = 7943968B217798F8004C1799 /* Build configuration list for PBXNativeTarget "AppLauncher" */;
			buildPhases = (
				79439679217798F4004C1799 /* Sources */,
				7943967A217798F4004C1799 /* Frameworks */,
				7943967B217798F4004C1799 /* Resources */,
			);
			buildRules = (
			);
			dependencies = (
			);
			name = AppLauncher;
			productName = AppLauncher;
			productReference = 7943967D217798F5004C1799 /* AppLauncher.app */;
			productType = "com.apple.product-type.application";
		};
/* End PBXNativeTarget section */

/* Begin PBXProject section */
		79439675217798F4004C1799 /* Project object */ = {
			isa = PBXProject;
			attributes = {
				LastSwiftUpdateCheck = 1000;
				LastUpgradeCheck = 1000;
				ORGANIZATIONNAME = "Marek Mościchowski";
				TargetAttributes = {
					7943967C217798F4004C1799 = {
						CreatedOnToolsVersion = 10.0;
						LastSwiftMigration = 1000;
						SystemCapabilities = {
							com.apple.Sandbox = {
								enabled = 0;
							};
						};
					};
				};
			};
			buildConfigurationList = 79439678217798F4004C1799 /* Build configuration list for PBXProject "AppLauncher" */;
			compatibilityVersion = "Xcode 9.3";
			developmentRegion = en;
			hasScannedForEncodings = 0;
			knownRegions = (
				en,
				Base,
			);
			mainGroup = 79439674217798F4004C1799;
			productRefGroup = 7943967E217798F5004C1799 /* Products */;
			projectDirPath = "";
			projectRoot = "";
			targets = (
				7943967C217798F4004C1799 /* AppLauncher */,
			);
		};
/* End PBXProject section */

/* Begin PBXResourcesBuildPhase section */
		7943967B217798F4004C1799 /* Resources */ = {
			isa = PBXResourcesBuildPhase;
			buildActionMask = 2147483647;
			files = (
				794396A02177B8AE004C1799 /* bash in Resources */,
				79439683217798F8004C1799 /* Assets.xcassets in Resources */,
				79439686217798F8004C1799 /* MainMenu.xib in Resources */,
			);
			runOnlyForDeploymentPostprocessing = 0;
		};
/* End PBXResourcesBuildPhase section */

/* Begin PBXSourcesBuildPhase section */
		79439679217798F4004C1799 /* Sources */ = {
			isa = PBXSourcesBuildPhase;
			buildActionMask = 2147483647;
			files = (
				7943969B21779C93004C1799 /* SanityClass.m in Sources */,
				7943969621779AEE004C1799 /* DDHotKeyUtilities.m in Sources */,
				7943969721779AEE004C1799 /* DDHotKeyCenter.m in Sources */,
				79439681217798F5004C1799 /* AppDelegate.swift in Sources */,
				7943969821779AEE004C1799 /* DDHotKeyTextField.m in Sources */,
			);
			runOnlyForDeploymentPostprocessing = 0;
		};
/* End PBXSourcesBuildPhase section */

/* Begin PBXVariantGroup section */
		79439684217798F8004C1799 /* MainMenu.xib */ = {
			isa = PBXVariantGroup;
			children = (
				79439685217798F8004C1799 /* Base */,
			);
			name = MainMenu.xib;
			sourceTree = "<group>";
		};
/* End PBXVariantGroup section */

/* Begin XCBuildConfiguration section */
		79439689217798F8004C1799 /* Debug */ = {
			isa = XCBuildConfiguration;
			buildSettings = {
				ALWAYS_SEARCH_USER_PATHS = NO;
				CLANG_ANALYZER_NONNULL = YES;
				CLANG_ANALYZER_NUMBER_OBJECT_CONVERSION = YES_AGGRESSIVE;
				CLANG_CXX_LANGUAGE_STANDARD = "gnu++14";
				CLANG_CXX_LIBRARY = "libc++";
				CLANG_ENABLE_MODULES = YES;
				CLANG_ENABLE_OBJC_ARC = YES;
				CLANG_ENABLE_OBJC_WEAK = YES;
				CLANG_WARN_BLOCK_CAPTURE_AUTORELEASING = YES;
				CLANG_WARN_BOOL_CONVERSION = YES;
				CLANG_WARN_COMMA = YES;
				CLANG_WARN_CONSTANT_CONVERSION = YES;
				CLANG_WARN_DEPRECATED_OBJC_IMPLEMENTATIONS = YES;
				CLANG_WARN_DIRECT_OBJC_ISA_USAGE = YES_ERROR;
				CLANG_WARN_DOCUMENTATION_COMMENTS = YES;
				CLANG_WARN_EMPTY_BODY = YES;
				CLANG_WARN_ENUM_CONVERSION = YES;
				CLANG_WARN_INFINITE_RECURSION = YES;
				CLANG_WARN_INT_CONVERSION = YES;
				CLANG_WARN_NON_LITERAL_NULL_CONVERSION = YES;
				CLANG_WARN_OBJC_IMPLICIT_RETAIN_SELF = YES;
				CLANG_WARN_OBJC_LITERAL_CONVERSION = YES;
				CLANG_WARN_OBJC_ROOT_CLASS = YES_ERROR;
				CLANG_WARN_RANGE_LOOP_ANALYSIS = YES;
				CLANG_WARN_STRICT_PROTOTYPES = YES;
				CLANG_WARN_SUSPICIOUS_MOVE = YES;
				CLANG_WARN_UNGUARDED_AVAILABILITY = YES_AGGRESSIVE;
				CLANG_WARN_UNREACHABLE_CODE = YES;
				CLANG_WARN__DUPLICATE_METHOD_MATCH = YES;
				CODE_SIGN_IDENTITY = "Mac Developer";
				COPY_PHASE_STRIP = NO;
				DEBUG_INFORMATION_FORMAT = dwarf;
				ENABLE_STRICT_OBJC_MSGSEND = YES;
				ENABLE_TESTABILITY = YES;
				GCC_C_LANGUAGE_STANDARD = gnu11;
				GCC_DYNAMIC_NO_PIC = NO;
				GCC_NO_COMMON_BLOCKS = YES;
				GCC_OPTIMIZATION_LEVEL = 0;
				GCC_PREPROCESSOR_DEFINITIONS = (
					"DEBUG=1",
					"$(inherited)",
				);
				GCC_WARN_64_TO_32_BIT_CONVERSION = YES;
				GCC_WARN_ABOUT_RETURN_TYPE = YES_ERROR;
				GCC_WARN_UNDECLARED_SELECTOR = YES;
				GCC_WARN_UNINITIALIZED_AUTOS = YES_AGGRESSIVE;
				GCC_WARN_UNUSED_FUNCTION = YES;
				GCC_WARN_UNUSED_VARIABLE = YES;
				MACOSX_DEPLOYMENT_TARGET = 10.10;
				MTL_ENABLE_DEBUG_INFO = INCLUDE_SOURCE;
				MTL_FAST_MATH = YES;
				ONLY_ACTIVE_ARCH = YES;
				SDKROOT = macosx;
				SWIFT_ACTIVE_COMPILATION_CONDITIONS = DEBUG;
				SWIFT_OPTIMIZATION_LEVEL = "-Onone";
			};
			name = Debug;
		};
		7943968A217798F8004C1799 /* Release */ = {
			isa = XCBuildConfiguration;
			buildSettings = {
				ALWAYS_SEARCH_USER_PATHS = NO;
				CLANG_ANALYZER_NONNULL = YES;
				CLANG_ANALYZER_NUMBER_OBJECT_CONVERSION = YES_AGGRESSIVE;
				CLANG_CXX_LANGUAGE_STANDARD = "gnu++14";
				CLANG_CXX_LIBRARY = "libc++";
				CLANG_ENABLE_MODULES = YES;
				CLANG_ENABLE_OBJC_ARC = YES;
				CLANG_ENABLE_OBJC_WEAK = YES;
				CLANG_WARN_BLOCK_CAPTURE_AUTORELEASING = YES;
				CLANG_WARN_BOOL_CONVERSION = YES;
				CLANG_WARN_COMMA = YES;
				CLANG_WARN_CONSTANT_CONVERSION = YES;
				CLANG_WARN_DEPRECATED_OBJC_IMPLEMENTATIONS = YES;
				CLANG_WARN_DIRECT_OBJC_ISA_USAGE = YES_ERROR;
				CLANG_WARN_DOCUMENTATION_COMMENTS = YES;
				CLANG_WARN_EMPTY_BODY = YES;
				CLANG_WARN_ENUM_CONVERSION = YES;
				CLANG_WARN_INFINITE_RECURSION = YES;
				CLANG_WARN_INT_CONVERSION = YES;
				CLANG_WARN_NON_LITERAL_NULL_CONVERSION = YES;
				CLANG_WARN_OBJC_IMPLICIT_RETAIN_SELF = YES;
				CLANG_WARN_OBJC_LITERAL_CONVERSION = YES;
				CLANG_WARN_OBJC_ROOT_CLASS = YES_ERROR;
				CLANG_WARN_RANGE_LOOP_ANALYSIS = YES;
				CLANG_WARN_STRICT_PROTOTYPES = YES;
				CLANG_WARN_SUSPICIOUS_MOVE = YES;
				CLANG_WARN_UNGUARDED_AVAILABILITY = YES_AGGRESSIVE;
				CLANG_WARN_UNREACHABLE_CODE = YES;
				CLANG_WARN__DUPLICATE_METHOD_MATCH = YES;
				CODE_SIGN_IDENTITY = "Mac Developer";
				COPY_PHASE_STRIP = NO;
				DEBUG_INFORMATION_FORMAT = "dwarf-with-dsym";
				ENABLE_NS_ASSERTIONS = NO;
				ENABLE_STRICT_OBJC_MSGSEND = YES;
				GCC_C_LANGUAGE_STANDARD = gnu11;
				GCC_NO_COMMON_BLOCKS = YES;
				GCC_WARN_64_TO_32_BIT_CONVERSION = YES;
				GCC_WARN_ABOUT_RETURN_TYPE = YES_ERROR;
				GCC_WARN_UNDECLARED_SELECTOR = YES;
				GCC_WARN_UNINITIALIZED_AUTOS = YES_AGGRESSIVE;
				GCC_WARN_UNUSED_FUNCTION = YES;
				GCC_WARN_UNUSED_VARIABLE = YES;
				MACOSX_DEPLOYMENT_TARGET = 10.10;
				MTL_ENABLE_DEBUG_INFO = NO;
				MTL_FAST_MATH = YES;
				SDKROOT = macosx;
				SWIFT_COMPILATION_MODE = wholemodule;
				SWIFT_OPTIMIZATION_LEVEL = "-O";
			};
			name = Release;
		};
		7943968C217798F8004C1799 /* Debug */ = {
			isa = XCBuildConfiguration;
			buildSettings = {
				ASSETCATALOG_COMPILER_APPICON_NAME = AppIcon;
				CLANG_ENABLE_MODULES = YES;
				CODE_SIGN_STYLE = Automatic;
				COMBINE_HIDPI_IMAGES = YES;
				DEVELOPMENT_TEAM = B3W946AZD7;
				INFOPLIST_FILE = AppLauncher/Info.plist;
				LD_RUNPATH_SEARCH_PATHS = (
					"$(inherited)",
					"@executable_path/../Frameworks",
				);
				PRODUCT_BUNDLE_IDENTIFIER = com.moscichowski.AppLauncher;
				PRODUCT_NAME = "$(TARGET_NAME)";
				SWIFT_OBJC_BRIDGING_HEADER = "AppLauncher/vendor/AppLauncher-Bridging-Header.h";
				SWIFT_OPTIMIZATION_LEVEL = "-Onone";
				SWIFT_VERSION = 4.2;
			};
			name = Debug;
		};
		7943968D217798F8004C1799 /* Release */ = {
			isa = XCBuildConfiguration;
			buildSettings = {
				ASSETCATALOG_COMPILER_APPICON_NAME = AppIcon;
				CLANG_ENABLE_MODULES = YES;
				CODE_SIGN_STYLE = Automatic;
				COMBINE_HIDPI_IMAGES = YES;
				DEVELOPMENT_TEAM = B3W946AZD7;
				INFOPLIST_FILE = AppLauncher/Info.plist;
				LD_RUNPATH_SEARCH_PATHS = (
					"$(inherited)",
					"@executable_path/../Frameworks",
				);
				PRODUCT_BUNDLE_IDENTIFIER = com.moscichowski.AppLauncher;
				PRODUCT_NAME = "$(TARGET_NAME)";
				SWIFT_OBJC_BRIDGING_HEADER = "AppLauncher/vendor/AppLauncher-Bridging-Header.h";
				SWIFT_VERSION = 4.2;
			};
			name = Release;
		};
/* End XCBuildConfiguration section */

/* Begin XCConfigurationList section */
		79439678217798F4004C1799 /* Build configuration list for PBXProject "AppLauncher" */ = {
			isa = XCConfigurationList;
			buildConfigurations = (
				79439689217798F8004C1799 /* Debug */,
				7943968A217798F8004C1799 /* Release */,
			);
			defaultConfigurationIsVisible = 0;
			defaultConfigurationName = Release;
		};
		7943968B217798F8004C1799 /* Build configuration list for PBXNativeTarget "AppLauncher" */ = {
			isa = XCConfigurationList;
			buildConfigurations = (
				7943968C217798F8004C1799 /* Debug */,
				7943968D217798F8004C1799 /* Release */,
			);
			defaultConfigurationIsVisible = 0;
			defaultConfigurationName = Release;
		};
/* End XCConfigurationList section */
	};
	rootObject = 79439675217798F4004C1799 /* Project object */;
}
